
Microsoft Visual Studio Solution File, Format Version 12.00
# Visual Studio 15
Project("{FAE04EC0-301F-11D3-BF4B-00C04F79EFBC}") = "TestingObjSpawn", "Assembly-CSharp.csproj", "{890BA0CF-D18A-A539-CFB1-A2F55AE293A4}"
EndProject
Project("{FAE04EC0-301F-11D3-BF4B-00C04F79EFBC}") = "TestingObjSpawn", "Assembly-CSharp-Editor.csproj", "{D13A22AE-1FC6-3C55-BA22-48C1AEA85950}"
EndProject
Global
	GlobalSection(SolutionConfigurationPlatforms) = preSolution
		Debug|Any CPU = Debug|Any CPU
		Release|Any CPU = Release|Any CPU
	EndGlobalSection
	GlobalSection(ProjectConfigurationPlatforms) = postSolution
		{890BA0CF-D18A-A539-CFB1-A2F55AE293A4}.Debug|Any CPU.ActiveCfg = Debug|Any CPU
		{890BA0CF-D18A-A539-CFB1-A2F55AE293A4}.Debug|Any CPU.Build.0 = Debug|Any CPU
		{890BA0CF-D18A-A539-CFB1-A2F55AE293A4}.Release|Any CPU.ActiveCfg = Release|Any CPU
		{890BA0CF-D18A-A539-CFB1-A2F55AE293A4}.Release|Any CPU.Build.0 = Release|Any CPU
		{D13A22AE-1FC6-3C55-BA22-48C1AEA85950}.Debug|Any CPU.ActiveCfg = Debug|Any CPU
		{D13A22AE-1FC6-3C55-BA22-48C1AEA85950}.Debug|Any CPU.Build.0 = Debug|Any CPU
		{D13A22AE-1FC6-3C55-BA22-48C1AEA85950}.Release|Any CPU.ActiveCfg = Release|Any CPU
		{D13A22AE-1FC6-3C55-BA22-48C1AEA85950}.Release|Any CPU.Build.0 = Release|Any CPU
	EndGlobalSection
	GlobalSection(SolutionProperties) = preSolution
		HideSolutionNode = FALSE
	EndGlobalSection
EndGlobal
